
Microsoft Visual Studio Solution File, Format Version 12.00
# Visual Studio Version 16
VisualStudioVersion = 16.0.32002.261
MinimumVisualStudioVersion = 10.0.40219.1
Project("{FAE04EC0-301F-11D3-BF4B-00C04F79EFBC}") = "TelecomLab1", "TelecomLab1\TelecomLab1.csproj", "{BC959CCE-3ECD-4BC7-93FA-0942B90C5737}"
EndProject
Global
	GlobalSection(SolutionConfigurationPlatforms) = preSolution
		Debug|Any CPU = Debug|Any CPU
		Release|Any CPU = Release|Any CPU
	EndGlobalSection
	GlobalSection(ProjectConfigurationPlatforms) = postSolution
		{BC959CCE-3ECD-4BC7-93FA-0942B90C5737}.Debug|Any CPU.ActiveCfg = Debug|Any CPU
		{BC959CCE-3ECD-4BC7-93FA-0942B90C5737}.Debug|Any CPU.Build.0 = Debug|Any CPU
		{BC959CCE-3ECD-4BC7-93FA-0942B90C5737}.Release|Any CPU.ActiveCfg = Release|Any CPU
		{BC959CCE-3ECD-4BC7-93FA-0942B90C5737}.Release|Any CPU.Build.0 = Release|Any CPU
	EndGlobalSection
	GlobalSection(SolutionProperties) = preSolution
		HideSolutionNode = FALSE
	EndGlobalSection
	GlobalSection(ExtensibilityGlobals) = postSolution
		SolutionGuid = {5CDC11A1-946F-4B61-8F1E-6F6DA385A247}
	EndGlobalSection
EndGlobal
